
Microsoft Visual Studio Solution File, Format Version 12.00
# Visual Studio Version 17
VisualStudioVersion = 17.9.34728.123
MinimumVisualStudioVersion = 10.0.40219.1
Project("{FAE04EC0-301F-11D3-BF4B-00C04F79EFBC}") = "ex06_calibum_basic", "ex06_calibum_basic\ex06_calibum_basic.csproj", "{33C6A0F5-8688-4656-9D79-ED9170C940AC}"
EndProject
Project("{FAE04EC0-301F-11D3-BF4B-00C04F79EFBC}") = "ex07_EmployeeMngApp", "ex07_EmployeeMngApp\ex07_EmployeeMngApp.csproj", "{5734F0F4-42F4-434C-A1BC-394D24C8CB34}"
EndProject
Global
	GlobalSection(SolutionConfigurationPlatforms) = preSolution
		Debug|Any CPU = Debug|Any CPU
		Release|Any CPU = Release|Any CPU
	EndGlobalSection
	GlobalSection(ProjectConfigurationPlatforms) = postSolution
		{33C6A0F5-8688-4656-9D79-ED9170C940AC}.Debug|Any CPU.ActiveCfg = Debug|Any CPU
		{33C6A0F5-8688-4656-9D79-ED9170C940AC}.Debug|Any CPU.Build.0 = Debug|Any CPU
		{33C6A0F5-8688-4656-9D79-ED9170C940AC}.Release|Any CPU.ActiveCfg = Release|Any CPU
		{33C6A0F5-8688-4656-9D79-ED9170C940AC}.Release|Any CPU.Build.0 = Release|Any CPU
		{5734F0F4-42F4-434C-A1BC-394D24C8CB34}.Debug|Any CPU.ActiveCfg = Debug|Any CPU
		{5734F0F4-42F4-434C-A1BC-394D24C8CB34}.Debug|Any CPU.Build.0 = Debug|Any CPU
		{5734F0F4-42F4-434C-A1BC-394D24C8CB34}.Release|Any CPU.ActiveCfg = Release|Any CPU
		{5734F0F4-42F4-434C-A1BC-394D24C8CB34}.Release|Any CPU.Build.0 = Release|Any CPU
	EndGlobalSection
	GlobalSection(SolutionProperties) = preSolution
		HideSolutionNode = FALSE
	EndGlobalSection
	GlobalSection(ExtensibilityGlobals) = postSolution
		SolutionGuid = {AF080EF4-4A36-4C9F-94E6-CA8FA5BD5199}
	EndGlobalSection
EndGlobal
